
Microsoft Visual Studio Solution File, Format Version 12.00
# Visual Studio Version 17
VisualStudioVersion = 17.13.35919.96
MinimumVisualStudioVersion = 10.0.40219.1
Project("{FAE04EC0-301F-11D3-BF4B-00C04F79EFBC}") = "ExpenseTracker.API", "API\ExpenseTracker.API.csproj", "{9E4A10E4-23D2-4E20-9598-6043634BCF34}"
EndProject
Project("{FAE04EC0-301F-11D3-BF4B-00C04F79EFBC}") = "ExpenseTracker.Domain", "ExpenseTracker.Domain\ExpenseTracker.Domain.csproj", "{6D4F6142-BABC-4B7A-8D0B-8E873D939BF2}"
EndProject
Project("{FAE04EC0-301F-11D3-BF4B-00C04F79EFBC}") = "ExpenseTracker.Application", "ExpenseTracker.Application\ExpenseTracker.Application.csproj", "{48CB497F-901D-4EE9-8FE7-FC2DFD97E157}"
EndProject
Project("{FAE04EC0-301F-11D3-BF4B-00C04F79EFBC}") = "ExpenseTracker.Infrastructure", "ExpenseTracker.Infrastructure\ExpenseTracker.Infrastructure.csproj", "{5FB562F9-29FE-40C0-B572-5EBCED31241A}"
EndProject
Project("{FAE04EC0-301F-11D3-BF4B-00C04F79EFBC}") = "ExpenseTracker.Shared", "ExpenseTracker.Shared\ExpenseTracker.Shared.csproj", "{0C9BF053-FBC1-45C3-AEEB-B9690E26AF70}"
EndProject
Global
	GlobalSection(SolutionConfigurationPlatforms) = preSolution
		Debug|Any CPU = Debug|Any CPU
		Release|Any CPU = Release|Any CPU
	EndGlobalSection
	GlobalSection(ProjectConfigurationPlatforms) = postSolution
		{9E4A10E4-23D2-4E20-9598-6043634BCF34}.Debug|Any CPU.ActiveCfg = Debug|Any CPU
		{9E4A10E4-23D2-4E20-9598-6043634BCF34}.Debug|Any CPU.Build.0 = Debug|Any CPU
		{9E4A10E4-23D2-4E20-9598-6043634BCF34}.Release|Any CPU.ActiveCfg = Release|Any CPU
		{9E4A10E4-23D2-4E20-9598-6043634BCF34}.Release|Any CPU.Build.0 = Release|Any CPU
		{6D4F6142-BABC-4B7A-8D0B-8E873D939BF2}.Debug|Any CPU.ActiveCfg = Debug|Any CPU
		{6D4F6142-BABC-4B7A-8D0B-8E873D939BF2}.Debug|Any CPU.Build.0 = Debug|Any CPU
		{6D4F6142-BABC-4B7A-8D0B-8E873D939BF2}.Release|Any CPU.ActiveCfg = Release|Any CPU
		{6D4F6142-BABC-4B7A-8D0B-8E873D939BF2}.Release|Any CPU.Build.0 = Release|Any CPU
		{48CB497F-901D-4EE9-8FE7-FC2DFD97E157}.Debug|Any CPU.ActiveCfg = Debug|Any CPU
		{48CB497F-901D-4EE9-8FE7-FC2DFD97E157}.Debug|Any CPU.Build.0 = Debug|Any CPU
		{48CB497F-901D-4EE9-8FE7-FC2DFD97E157}.Release|Any CPU.ActiveCfg = Release|Any CPU
		{48CB497F-901D-4EE9-8FE7-FC2DFD97E157}.Release|Any CPU.Build.0 = Release|Any CPU
		{5FB562F9-29FE-40C0-B572-5EBCED31241A}.Debug|Any CPU.ActiveCfg = Debug|Any CPU
		{5FB562F9-29FE-40C0-B572-5EBCED31241A}.Debug|Any CPU.Build.0 = Debug|Any CPU
		{5FB562F9-29FE-40C0-B572-5EBCED31241A}.Release|Any CPU.ActiveCfg = Release|Any CPU
		{5FB562F9-29FE-40C0-B572-5EBCED31241A}.Release|Any CPU.Build.0 = Release|Any CPU
		{0C9BF053-FBC1-45C3-AEEB-B9690E26AF70}.Debug|Any CPU.ActiveCfg = Debug|Any CPU
		{0C9BF053-FBC1-45C3-AEEB-B9690E26AF70}.Debug|Any CPU.Build.0 = Debug|Any CPU
		{0C9BF053-FBC1-45C3-AEEB-B9690E26AF70}.Release|Any CPU.ActiveCfg = Release|Any CPU
		{0C9BF053-FBC1-45C3-AEEB-B9690E26AF70}.Release|Any CPU.Build.0 = Release|Any CPU
	EndGlobalSection
	GlobalSection(SolutionProperties) = preSolution
		HideSolutionNode = FALSE
	EndGlobalSection
	GlobalSection(ExtensibilityGlobals) = postSolution
		SolutionGuid = {270075CE-88BB-4027-9BF7-BD9CD4B912CB}
	EndGlobalSection
EndGlobal
